
Microsoft Visual Studio Solution File, Format Version 12.00
# Visual Studio 2012
Project("{FAE04EC0-301F-11D3-BF4B-00C04F79EFBC}") = "WebApp2", "WebApp2\WebApp2.csproj", "{AD0AC57D-56FB-4EB3-B267-1CDFFF18C112}"
EndProject
Global
	GlobalSection(SolutionConfigurationPlatforms) = preSolution
		Debug|Any CPU = Debug|Any CPU
		Release|Any CPU = Release|Any CPU
	EndGlobalSection
	GlobalSection(ProjectConfigurationPlatforms) = postSolution
		{AD0AC57D-56FB-4EB3-B267-1CDFFF18C112}.Debug|Any CPU.ActiveCfg = Debug|Any CPU
		{AD0AC57D-56FB-4EB3-B267-1CDFFF18C112}.Debug|Any CPU.Build.0 = Debug|Any CPU
		{AD0AC57D-56FB-4EB3-B267-1CDFFF18C112}.Release|Any CPU.ActiveCfg = Release|Any CPU
		{AD0AC57D-56FB-4EB3-B267-1CDFFF18C112}.Release|Any CPU.Build.0 = Release|Any CPU
	EndGlobalSection
EndGlobal
